<?xml version="1.0" encoding="UTF-8"?>
<CodeBlocks_project_file>
	<FileVersion major="1" minor="6"/>
	<Project>
		<Option title="pse_traffic_sim"/>
		<Option makefile_is_custom="1"/>
		<Option compiler="gcc"/>
		<Option virtualFolders="CMake Files\;"/>
		<Build>
			<Target title="all">
				<Option working_dir="/home/achraf/CLionProjects/pse-traffic-sim"/>
				<Option type="4"/>
				<MakeCommands>
					<Build command="/usr/bin/make -f &quot;/home/achraf/CLionProjects/pse-traffic-sim/Makefile&quot;  VERBOSE=1 all"/>
					<CompileFile command="/usr/bin/make -f &quot;/home/achraf/CLionProjects/pse-traffic-sim/Makefile&quot;  VERBOSE=1 &quot;$file&quot;"/>
					<Clean command="/usr/bin/make -f &quot;/home/achraf/CLionProjects/pse-traffic-sim/Makefile&quot;  VERBOSE=1 clean"/>
					<DistClean command="/usr/bin/make -f &quot;/home/achraf/CLionProjects/pse-traffic-sim/Makefile&quot;  VERBOSE=1 clean"/>
				</MakeCommands>
			</Target>
			<Target title="rebuild_cache">
				<Option working_dir="/home/achraf/CLionProjects/pse-traffic-sim"/>
				<Option type="4"/>
				<MakeCommands>
					<Build command="/usr/bin/make -f &quot;/home/achraf/CLionProjects/pse-traffic-sim/Makefile&quot;  VERBOSE=1 rebuild_cache"/>
					<CompileFile command="/usr/bin/make -f &quot;/home/achraf/CLionProjects/pse-traffic-sim/Makefile&quot;  VERBOSE=1 &quot;$file&quot;"/>
					<Clean command="/usr/bin/make -f &quot;/home/achraf/CLionProjects/pse-traffic-sim/Makefile&quot;  VERBOSE=1 clean"/>
					<DistClean command="/usr/bin/make -f &quot;/home/achraf/CLionProjects/pse-traffic-sim/Makefile&quot;  VERBOSE=1 clean"/>
				</MakeCommands>
			</Target>
			<Target title="edit_cache">
				<Option working_dir="/home/achraf/CLionProjects/pse-traffic-sim"/>
				<Option type="4"/>
				<MakeCommands>
					<Build command="/usr/bin/make -f &quot;/home/achraf/CLionProjects/pse-traffic-sim/Makefile&quot;  VERBOSE=1 edit_cache"/>
					<CompileFile command="/usr/bin/make -f &quot;/home/achraf/CLionProjects/pse-traffic-sim/Makefile&quot;  VERBOSE=1 &quot;$file&quot;"/>
					<Clean command="/usr/bin/make -f &quot;/home/achraf/CLionProjects/pse-traffic-sim/Makefile&quot;  VERBOSE=1 clean"/>
					<DistClean command="/usr/bin/make -f &quot;/home/achraf/CLionProjects/pse-traffic-sim/Makefile&quot;  VERBOSE=1 clean"/>
				</MakeCommands>
			</Target>
			<Target title="TrafficSimTests">
				<Option output="/home/achraf/CLionProjects/pse-traffic-sim/TrafficSimTests" prefix_auto="0" extension_auto="0"/>
				<Option working_dir="/home/achraf/CLionProjects/pse-traffic-sim"/>
				<Option object_output="./"/>
				<Option type="1"/>
				<Option compiler="gcc"/>
				<Compiler>
					<Add directory="/home/achraf/CLionProjects/pse-traffic-sim/gtest/include"/>
				</Compiler>
				<MakeCommands>
					<Build command="/usr/bin/make -f &quot;/home/achraf/CLionProjects/pse-traffic-sim/Makefile&quot;  VERBOSE=1 TrafficSimTests"/>
					<CompileFile command="/usr/bin/make -f &quot;/home/achraf/CLionProjects/pse-traffic-sim/Makefile&quot;  VERBOSE=1 &quot;$file&quot;"/>
					<Clean command="/usr/bin/make -f &quot;/home/achraf/CLionProjects/pse-traffic-sim/Makefile&quot;  VERBOSE=1 clean"/>
					<DistClean command="/usr/bin/make -f &quot;/home/achraf/CLionProjects/pse-traffic-sim/Makefile&quot;  VERBOSE=1 clean"/>
				</MakeCommands>
			</Target>
			<Target title="TrafficSimTests/fast">
				<Option output="/home/achraf/CLionProjects/pse-traffic-sim/TrafficSimTests" prefix_auto="0" extension_auto="0"/>
				<Option working_dir="/home/achraf/CLionProjects/pse-traffic-sim"/>
				<Option object_output="./"/>
				<Option type="1"/>
				<Option compiler="gcc"/>
				<Compiler>
					<Add directory="/home/achraf/CLionProjects/pse-traffic-sim/gtest/include"/>
				</Compiler>
				<MakeCommands>
					<Build command="/usr/bin/make -f &quot;/home/achraf/CLionProjects/pse-traffic-sim/Makefile&quot;  VERBOSE=1 TrafficSimTests/fast"/>
					<CompileFile command="/usr/bin/make -f &quot;/home/achraf/CLionProjects/pse-traffic-sim/Makefile&quot;  VERBOSE=1 &quot;$file&quot;"/>
					<Clean command="/usr/bin/make -f &quot;/home/achraf/CLionProjects/pse-traffic-sim/Makefile&quot;  VERBOSE=1 clean"/>
					<DistClean command="/usr/bin/make -f &quot;/home/achraf/CLionProjects/pse-traffic-sim/Makefile&quot;  VERBOSE=1 clean"/>
				</MakeCommands>
			</Target>
			<Target title="TrafficSim">
				<Option output="/home/achraf/CLionProjects/pse-traffic-sim/TrafficSim" prefix_auto="0" extension_auto="0"/>
				<Option working_dir="/home/achraf/CLionProjects/pse-traffic-sim"/>
				<Option object_output="./"/>
				<Option type="1"/>
				<Option compiler="gcc"/>
				<Compiler>
					<Add directory="/home/achraf/CLionProjects/pse-traffic-sim/gtest/include"/>
				</Compiler>
				<MakeCommands>
					<Build command="/usr/bin/make -f &quot;/home/achraf/CLionProjects/pse-traffic-sim/Makefile&quot;  VERBOSE=1 TrafficSim"/>
					<CompileFile command="/usr/bin/make -f &quot;/home/achraf/CLionProjects/pse-traffic-sim/Makefile&quot;  VERBOSE=1 &quot;$file&quot;"/>
					<Clean command="/usr/bin/make -f &quot;/home/achraf/CLionProjects/pse-traffic-sim/Makefile&quot;  VERBOSE=1 clean"/>
					<DistClean command="/usr/bin/make -f &quot;/home/achraf/CLionProjects/pse-traffic-sim/Makefile&quot;  VERBOSE=1 clean"/>
				</MakeCommands>
			</Target>
			<Target title="TrafficSim/fast">
				<Option output="/home/achraf/CLionProjects/pse-traffic-sim/TrafficSim" prefix_auto="0" extension_auto="0"/>
				<Option working_dir="/home/achraf/CLionProjects/pse-traffic-sim"/>
				<Option object_output="./"/>
				<Option type="1"/>
				<Option compiler="gcc"/>
				<Compiler>
					<Add directory="/home/achraf/CLionProjects/pse-traffic-sim/gtest/include"/>
				</Compiler>
				<MakeCommands>
					<Build command="/usr/bin/make -f &quot;/home/achraf/CLionProjects/pse-traffic-sim/Makefile&quot;  VERBOSE=1 TrafficSim/fast"/>
					<CompileFile command="/usr/bin/make -f &quot;/home/achraf/CLionProjects/pse-traffic-sim/Makefile&quot;  VERBOSE=1 &quot;$file&quot;"/>
					<Clean command="/usr/bin/make -f &quot;/home/achraf/CLionProjects/pse-traffic-sim/Makefile&quot;  VERBOSE=1 clean"/>
					<DistClean command="/usr/bin/make -f &quot;/home/achraf/CLionProjects/pse-traffic-sim/Makefile&quot;  VERBOSE=1 clean"/>
				</MakeCommands>
			</Target>
		</Build>
		<Unit filename="/home/achraf/CLionProjects/pse-traffic-sim/src/Simulation.cpp">
			<Option target="TrafficSimTests"/>
			<Option target="TrafficSim"/>
		</Unit>
		<Unit filename="/home/achraf/CLionProjects/pse-traffic-sim/src/Simulation.h">
			<Option target="TrafficSimTests"/>
			<Option target="TrafficSim"/>
		</Unit>
		<Unit filename="/home/achraf/CLionProjects/pse-traffic-sim/src/SimulationTests.cc">
			<Option target="TrafficSimTests"/>
		</Unit>
		<Unit filename="/home/achraf/CLionProjects/pse-traffic-sim/src/TrafficSim.cc">
			<Option target="TrafficSim"/>
		</Unit>
		<Unit filename="/home/achraf/CLionProjects/pse-traffic-sim/src/TrafficSimTests.cc">
			<Option target="TrafficSimTests"/>
		</Unit>
		<Unit filename="/home/achraf/CLionProjects/pse-traffic-sim/src/data/Constants.h">
			<Option target="TrafficSimTests"/>
			<Option target="TrafficSim"/>
		</Unit>
		<Unit filename="/home/achraf/CLionProjects/pse-traffic-sim/src/lib/DesignByContract.h">
			<Option target="TrafficSimTests"/>
			<Option target="TrafficSim"/>
		</Unit>
		<Unit filename="/home/achraf/CLionProjects/pse-traffic-sim/src/lib/TestingHelpers.cc">
			<Option target="TrafficSimTests"/>
		</Unit>
		<Unit filename="/home/achraf/CLionProjects/pse-traffic-sim/src/lib/TestingHelpers.h">
			<Option target="TrafficSimTests"/>
		</Unit>
		<Unit filename="/home/achraf/CLionProjects/pse-traffic-sim/src/lib/pugixml/pugiconfig.hpp">
			<Option target="TrafficSimTests"/>
			<Option target="TrafficSim"/>
		</Unit>
		<Unit filename="/home/achraf/CLionProjects/pse-traffic-sim/src/lib/pugixml/pugixml.cpp">
			<Option target="TrafficSimTests"/>
			<Option target="TrafficSim"/>
		</Unit>
		<Unit filename="/home/achraf/CLionProjects/pse-traffic-sim/src/lib/pugixml/pugixml.hpp">
			<Option target="TrafficSimTests"/>
			<Option target="TrafficSim"/>
		</Unit>
		<Unit filename="/home/achraf/CLionProjects/pse-traffic-sim/src/objects/Road.cc">
			<Option target="TrafficSimTests"/>
			<Option target="TrafficSim"/>
		</Unit>
		<Unit filename="/home/achraf/CLionProjects/pse-traffic-sim/src/objects/Road.h">
			<Option target="TrafficSimTests"/>
			<Option target="TrafficSim"/>
		</Unit>
		<Unit filename="/home/achraf/CLionProjects/pse-traffic-sim/src/objects/RoadTests.cc">
			<Option target="TrafficSimTests"/>
		</Unit>
		<Unit filename="/home/achraf/CLionProjects/pse-traffic-sim/src/objects/TrafficLight.cc">
			<Option target="TrafficSimTests"/>
			<Option target="TrafficSim"/>
		</Unit>
		<Unit filename="/home/achraf/CLionProjects/pse-traffic-sim/src/objects/TrafficLight.h">
			<Option target="TrafficSimTests"/>
			<Option target="TrafficSim"/>
		</Unit>
		<Unit filename="/home/achraf/CLionProjects/pse-traffic-sim/src/objects/TrafficLightTests.cc">
			<Option target="TrafficSimTests"/>
		</Unit>
		<Unit filename="/home/achraf/CLionProjects/pse-traffic-sim/src/objects/Vehicle.cc">
			<Option target="TrafficSimTests"/>
			<Option target="TrafficSim"/>
		</Unit>
		<Unit filename="/home/achraf/CLionProjects/pse-traffic-sim/src/objects/Vehicle.h">
			<Option target="TrafficSimTests"/>
			<Option target="TrafficSim"/>
		</Unit>
		<Unit filename="/home/achraf/CLionProjects/pse-traffic-sim/src/objects/VehicleGenerator.cc">
			<Option target="TrafficSimTests"/>
			<Option target="TrafficSim"/>
		</Unit>
		<Unit filename="/home/achraf/CLionProjects/pse-traffic-sim/src/objects/VehicleGenerator.h">
			<Option target="TrafficSimTests"/>
			<Option target="TrafficSim"/>
		</Unit>
		<Unit filename="/home/achraf/CLionProjects/pse-traffic-sim/src/objects/VehicleGeneratorTests.cc">
			<Option target="TrafficSimTests"/>
		</Unit>
		<Unit filename="/home/achraf/CLionProjects/pse-traffic-sim/src/objects/VehicleTests.cc">
			<Option target="TrafficSimTests"/>
		</Unit>
		<Unit filename="/home/achraf/CLionProjects/pse-traffic-sim/src/util/XMLParser.cc">
			<Option target="TrafficSimTests"/>
			<Option target="TrafficSim"/>
		</Unit>
		<Unit filename="/home/achraf/CLionProjects/pse-traffic-sim/src/util/XMLParser.h">
			<Option target="TrafficSimTests"/>
			<Option target="TrafficSim"/>
		</Unit>
		<Unit filename="/home/achraf/CLionProjects/pse-traffic-sim/src/util/XMLParserTests.cc">
			<Option target="TrafficSimTests"/>
		</Unit>
		<Unit filename="/home/achraf/CLionProjects/pse-traffic-sim/CMakeLists.txt">
			<Option virtualFolder="CMake Files\"/>
		</Unit>
	</Project>
</CodeBlocks_project_file>
